PODS:
  - Extensions (1.0.5)
  - KLNavigationController (1.0.0)

DEPENDENCIES:
  - Extensions (from `../`)
  - KLNavigationController

SPEC REPOS:
  trunk:
    - KLNavigationController

EXTERNAL SOURCES:
  Extensions:
    :path: "../"

SPEC CHECKSUMS:
  Extensions: e3ecacf299ebad0b3bfe24c4f44310a6ff588b13
  KLNavigationController: ed8a50a14e54a499d3a483c681bb7f394002a6bf

PODFILE CHECKSUM: c66c031f6d9c7cb29fe765cc7076235143c931da

COCOAPODS: 1.8.3
